
Microsoft Visual Studio Solution File, Format Version 12.00
# Visual Studio 14
VisualStudioVersion = 14.0.25123.0
MinimumVisualStudioVersion = 10.0.40219.1
Project("{FAE04EC0-301F-11D3-BF4B-00C04F79EFBC}") = "IoC101Demo", "IoC101Demo\IoC101Demo.csproj", "{BE93FD88-62B2-443B-B620-12790E431CD3}"
EndProject
Project("{FAE04EC0-301F-11D3-BF4B-00C04F79EFBC}") = "Ioc101Demo.Tests", "Ioc101Demo.Tests\Ioc101Demo.Tests.csproj", "{CD328894-EA73-4F29-A12A-02D2AB981DC6}"
EndProject
Project("{FAE04EC0-301F-11D3-BF4B-00C04F79EFBC}") = "ImdbFilmRepository", "ImdbFilmRepository\ImdbFilmRepository.csproj", "{B6ACAF60-6D6F-44C0-AB8A-0BC1CD2745D2}"
EndProject
Global
	GlobalSection(SolutionConfigurationPlatforms) = preSolution
		Debug|Any CPU = Debug|Any CPU
		Release|Any CPU = Release|Any CPU
	EndGlobalSection
	GlobalSection(ProjectConfigurationPlatforms) = postSolution
		{BE93FD88-62B2-443B-B620-12790E431CD3}.Debug|Any CPU.ActiveCfg = Debug|Any CPU
		{BE93FD88-62B2-443B-B620-12790E431CD3}.Debug|Any CPU.Build.0 = Debug|Any CPU
		{BE93FD88-62B2-443B-B620-12790E431CD3}.Release|Any CPU.ActiveCfg = Release|Any CPU
		{BE93FD88-62B2-443B-B620-12790E431CD3}.Release|Any CPU.Build.0 = Release|Any CPU
		{CD328894-EA73-4F29-A12A-02D2AB981DC6}.Debug|Any CPU.ActiveCfg = Debug|Any CPU
		{CD328894-EA73-4F29-A12A-02D2AB981DC6}.Debug|Any CPU.Build.0 = Debug|Any CPU
		{CD328894-EA73-4F29-A12A-02D2AB981DC6}.Release|Any CPU.ActiveCfg = Release|Any CPU
		{CD328894-EA73-4F29-A12A-02D2AB981DC6}.Release|Any CPU.Build.0 = Release|Any CPU
		{B6ACAF60-6D6F-44C0-AB8A-0BC1CD2745D2}.Debug|Any CPU.ActiveCfg = Debug|Any CPU
		{B6ACAF60-6D6F-44C0-AB8A-0BC1CD2745D2}.Debug|Any CPU.Build.0 = Debug|Any CPU
		{B6ACAF60-6D6F-44C0-AB8A-0BC1CD2745D2}.Release|Any CPU.ActiveCfg = Debug|Any CPU
		{B6ACAF60-6D6F-44C0-AB8A-0BC1CD2745D2}.Release|Any CPU.Build.0 = Debug|Any CPU
	EndGlobalSection
	GlobalSection(SolutionProperties) = preSolution
		HideSolutionNode = FALSE
	EndGlobalSection
EndGlobal
